
Microsoft Visual Studio Solution File, Format Version 12.00
# Visual Studio Version 17
VisualStudioVersion = 17.6.33417.168
MinimumVisualStudioVersion = 10.0.40219.1
Project("{9A19103F-16F7-4668-BE54-9A1E7A4F7556}") = "Velkhana.MES.Server", "Velkhana.MES\Server\Velkhana.MES.Server.csproj", "{F420747D-7948-4A1C-B3F3-F6DEFF2E7EEB}"
EndProject
Project("{9A19103F-16F7-4668-BE54-9A1E7A4F7556}") = "Velkhana.MES.Client", "Velkhana.MES\Client\Velkhana.MES.Client.csproj", "{6A684583-009B-47CC-96B7-50F1172A1661}"
EndProject
Project("{9A19103F-16F7-4668-BE54-9A1E7A4F7556}") = "Velkhana.MES.Shared", "Velkhana.MES\Shared\Velkhana.MES.Shared.csproj", "{BEEE12C1-1E4D-4C9D-A247-C08AF73EF149}"
EndProject
Project("{2150E333-8FDC-42A3-9474-1A3956D46DE8}") = "MES", "MES", "{16D74FD3-9255-4D8B-BF2F-5BCA73EE7BAA}"
EndProject
Project("{2150E333-8FDC-42A3-9474-1A3956D46DE8}") = "ERP", "ERP", "{13D9181E-12B6-40D2-B073-D62302EA1B18}"
EndProject
Project("{9A19103F-16F7-4668-BE54-9A1E7A4F7556}") = "Velkhana.ERP.Server", "Velkhana.ERP\Server\Velkhana.ERP.Server.csproj", "{02664014-D758-4AA9-AFA2-16C5AF326766}"
EndProject
Project("{9A19103F-16F7-4668-BE54-9A1E7A4F7556}") = "Velkhana.ERP.Client", "Velkhana.ERP\Client\Velkhana.ERP.Client.csproj", "{49F9F2B9-7445-4305-84C8-132A83D461C5}"
EndProject
Project("{9A19103F-16F7-4668-BE54-9A1E7A4F7556}") = "Velkhana.ERP.Shared", "Velkhana.ERP\Shared\Velkhana.ERP.Shared.csproj", "{BE79D3D1-DA8A-4FBD-B00B-676409B7EC37}"
EndProject
Project("{9A19103F-16F7-4668-BE54-9A1E7A4F7556}") = "Velkhana.MES.PLCService.Domain", "Velkhana.MES.PLCService.Domain\Velkhana.MES.PLCService.Domain.csproj", "{5B45B99B-5157-4564-A979-B94DB0333579}"
EndProject
Project("{9A19103F-16F7-4668-BE54-9A1E7A4F7556}") = "Velkhana.MES.PLCService.Infrastructure", "Velkhana.MES.PLCService.Infrastructure\Velkhana.MES.PLCService.Infrastructure.csproj", "{2FF4F4BA-7EA9-4FCD-9B27-6B0280218801}"
EndProject
Project("{2150E333-8FDC-42A3-9474-1A3956D46DE8}") = "Solution Items", "Solution Items", "{3C6B3733-7445-49B1-A6FC-67B1F930E4C6}"
	ProjectSection(SolutionItems) = preProject
		.editorconfig = .editorconfig
	EndProjectSection
EndProject
Project("{2150E333-8FDC-42A3-9474-1A3956D46DE8}") = "Shared", "Shared", "{35DE6C56-9C28-4A58-8441-A6575731D459}"
EndProject
Project("{9A19103F-16F7-4668-BE54-9A1E7A4F7556}") = "Velkhana.Shared.WebServer", "Velkhana.Shared.WebServer\Velkhana.Shared.WebServer.csproj", "{FC9CEEDA-881F-4B76-9460-C4763B78577A}"
EndProject
Project("{9A19103F-16F7-4668-BE54-9A1E7A4F7556}") = "Velkhana.Shared.Domain", "Velkhana.Shared.Domain\Velkhana.Shared.Domain.csproj", "{3A021620-74C6-4624-A912-8DBA34FE2B11}"
EndProject
Project("{9A19103F-16F7-4668-BE54-9A1E7A4F7556}") = "Velkhana.Shared.Infrastructure", "Velkhana.Shared.Infrastructure\Velkhana.Shared.Infrastructure.csproj", "{5A02B74E-5C31-4C9A-93FB-2009031ACBD0}"
EndProject
Project("{2150E333-8FDC-42A3-9474-1A3956D46DE8}") = "PLCService", "PLCService", "{FAC17546-12AA-4CD4-8CD7-4C218347C465}"
EndProject
Project("{9A19103F-16F7-4668-BE54-9A1E7A4F7556}") = "Velkhana.MES.PLCService.API", "Velkhana.MES.PLCService.API\Velkhana.MES.PLCService.API.csproj", "{7DEEF12A-1E9B-4B83-8743-336BDE09FB62}"
EndProject
Project("{2150E333-8FDC-42A3-9474-1A3956D46DE8}") = "Services", "Services", "{46425163-80A5-4B66-9B30-23FA898D0DF5}"
EndProject
Project("{9A19103F-16F7-4668-BE54-9A1E7A4F7556}") = "Velkhana.MES.PLCService.Application", "Velkhana.MES.PLCService.Application\Velkhana.MES.PLCService.Application.csproj", "{0CD68C05-E125-451B-8C7F-4D6BA5ECC15A}"
EndProject
Global
	GlobalSection(SolutionConfigurationPlatforms) = preSolution
		Debug|Any CPU = Debug|Any CPU
		Release|Any CPU = Release|Any CPU
	EndGlobalSection
	GlobalSection(ProjectConfigurationPlatforms) = postSolution
		{F420747D-7948-4A1C-B3F3-F6DEFF2E7EEB}.Debug|Any CPU.ActiveCfg = Debug|Any CPU
		{F420747D-7948-4A1C-B3F3-F6DEFF2E7EEB}.Debug|Any CPU.Build.0 = Debug|Any CPU
		{F420747D-7948-4A1C-B3F3-F6DEFF2E7EEB}.Release|Any CPU.ActiveCfg = Release|Any CPU
		{F420747D-7948-4A1C-B3F3-F6DEFF2E7EEB}.Release|Any CPU.Build.0 = Release|Any CPU
		{6A684583-009B-47CC-96B7-50F1172A1661}.Debug|Any CPU.ActiveCfg = Debug|Any CPU
		{6A684583-009B-47CC-96B7-50F1172A1661}.Debug|Any CPU.Build.0 = Debug|Any CPU
		{6A684583-009B-47CC-96B7-50F1172A1661}.Release|Any CPU.ActiveCfg = Release|Any CPU
		{6A684583-009B-47CC-96B7-50F1172A1661}.Release|Any CPU.Build.0 = Release|Any CPU
		{BEEE12C1-1E4D-4C9D-A247-C08AF73EF149}.Debug|Any CPU.ActiveCfg = Debug|Any CPU
		{BEEE12C1-1E4D-4C9D-A247-C08AF73EF149}.Debug|Any CPU.Build.0 = Debug|Any CPU
		{BEEE12C1-1E4D-4C9D-A247-C08AF73EF149}.Release|Any CPU.ActiveCfg = Release|Any CPU
		{BEEE12C1-1E4D-4C9D-A247-C08AF73EF149}.Release|Any CPU.Build.0 = Release|Any CPU
		{02664014-D758-4AA9-AFA2-16C5AF326766}.Debug|Any CPU.ActiveCfg = Debug|Any CPU
		{02664014-D758-4AA9-AFA2-16C5AF326766}.Debug|Any CPU.Build.0 = Debug|Any CPU
		{02664014-D758-4AA9-AFA2-16C5AF326766}.Release|Any CPU.ActiveCfg = Release|Any CPU
		{02664014-D758-4AA9-AFA2-16C5AF326766}.Release|Any CPU.Build.0 = Release|Any CPU
		{49F9F2B9-7445-4305-84C8-132A83D461C5}.Debug|Any CPU.ActiveCfg = Debug|Any CPU
		{49F9F2B9-7445-4305-84C8-132A83D461C5}.Debug|Any CPU.Build.0 = Debug|Any CPU
		{49F9F2B9-7445-4305-84C8-132A83D461C5}.Release|Any CPU.ActiveCfg = Release|Any CPU
		{49F9F2B9-7445-4305-84C8-132A83D461C5}.Release|Any CPU.Build.0 = Release|Any CPU
		{BE79D3D1-DA8A-4FBD-B00B-676409B7EC37}.Debug|Any CPU.ActiveCfg = Debug|Any CPU
		{BE79D3D1-DA8A-4FBD-B00B-676409B7EC37}.Debug|Any CPU.Build.0 = Debug|Any CPU
		{BE79D3D1-DA8A-4FBD-B00B-676409B7EC37}.Release|Any CPU.ActiveCfg = Release|Any CPU
		{BE79D3D1-DA8A-4FBD-B00B-676409B7EC37}.Release|Any CPU.Build.0 = Release|Any CPU
		{5B45B99B-5157-4564-A979-B94DB0333579}.Debug|Any CPU.ActiveCfg = Debug|Any CPU
		{5B45B99B-5157-4564-A979-B94DB0333579}.Debug|Any CPU.Build.0 = Debug|Any CPU
		{5B45B99B-5157-4564-A979-B94DB0333579}.Release|Any CPU.ActiveCfg = Release|Any CPU
		{5B45B99B-5157-4564-A979-B94DB0333579}.Release|Any CPU.Build.0 = Release|Any CPU
		{2FF4F4BA-7EA9-4FCD-9B27-6B0280218801}.Debug|Any CPU.ActiveCfg = Debug|Any CPU
		{2FF4F4BA-7EA9-4FCD-9B27-6B0280218801}.Debug|Any CPU.Build.0 = Debug|Any CPU
		{2FF4F4BA-7EA9-4FCD-9B27-6B0280218801}.Release|Any CPU.ActiveCfg = Release|Any CPU
		{2FF4F4BA-7EA9-4FCD-9B27-6B0280218801}.Release|Any CPU.Build.0 = Release|Any CPU
		{FC9CEEDA-881F-4B76-9460-C4763B78577A}.Debug|Any CPU.ActiveCfg = Debug|Any CPU
		{FC9CEEDA-881F-4B76-9460-C4763B78577A}.Debug|Any CPU.Build.0 = Debug|Any CPU
		{FC9CEEDA-881F-4B76-9460-C4763B78577A}.Release|Any CPU.ActiveCfg = Release|Any CPU
		{FC9CEEDA-881F-4B76-9460-C4763B78577A}.Release|Any CPU.Build.0 = Release|Any CPU
		{3A021620-74C6-4624-A912-8DBA34FE2B11}.Debug|Any CPU.ActiveCfg = Debug|Any CPU
		{3A021620-74C6-4624-A912-8DBA34FE2B11}.Debug|Any CPU.Build.0 = Debug|Any CPU
		{3A021620-74C6-4624-A912-8DBA34FE2B11}.Release|Any CPU.ActiveCfg = Release|Any CPU
		{3A021620-74C6-4624-A912-8DBA34FE2B11}.Release|Any CPU.Build.0 = Release|Any CPU
		{5A02B74E-5C31-4C9A-93FB-2009031ACBD0}.Debug|Any CPU.ActiveCfg = Debug|Any CPU
		{5A02B74E-5C31-4C9A-93FB-2009031ACBD0}.Debug|Any CPU.Build.0 = Debug|Any CPU
		{5A02B74E-5C31-4C9A-93FB-2009031ACBD0}.Release|Any CPU.ActiveCfg = Release|Any CPU
		{5A02B74E-5C31-4C9A-93FB-2009031ACBD0}.Release|Any CPU.Build.0 = Release|Any CPU
		{7DEEF12A-1E9B-4B83-8743-336BDE09FB62}.Debug|Any CPU.ActiveCfg = Debug|Any CPU
		{7DEEF12A-1E9B-4B83-8743-336BDE09FB62}.Debug|Any CPU.Build.0 = Debug|Any CPU
		{7DEEF12A-1E9B-4B83-8743-336BDE09FB62}.Release|Any CPU.ActiveCfg = Release|Any CPU
		{7DEEF12A-1E9B-4B83-8743-336BDE09FB62}.Release|Any CPU.Build.0 = Release|Any CPU
		{0CD68C05-E125-451B-8C7F-4D6BA5ECC15A}.Debug|Any CPU.ActiveCfg = Debug|Any CPU
		{0CD68C05-E125-451B-8C7F-4D6BA5ECC15A}.Debug|Any CPU.Build.0 = Debug|Any CPU
		{0CD68C05-E125-451B-8C7F-4D6BA5ECC15A}.Release|Any CPU.ActiveCfg = Release|Any CPU
		{0CD68C05-E125-451B-8C7F-4D6BA5ECC15A}.Release|Any CPU.Build.0 = Release|Any CPU
	EndGlobalSection
	GlobalSection(SolutionProperties) = preSolution
		HideSolutionNode = FALSE
	EndGlobalSection
	GlobalSection(NestedProjects) = preSolution
		{F420747D-7948-4A1C-B3F3-F6DEFF2E7EEB} = {16D74FD3-9255-4D8B-BF2F-5BCA73EE7BAA}
		{6A684583-009B-47CC-96B7-50F1172A1661} = {16D74FD3-9255-4D8B-BF2F-5BCA73EE7BAA}
		{BEEE12C1-1E4D-4C9D-A247-C08AF73EF149} = {16D74FD3-9255-4D8B-BF2F-5BCA73EE7BAA}
		{02664014-D758-4AA9-AFA2-16C5AF326766} = {13D9181E-12B6-40D2-B073-D62302EA1B18}
		{49F9F2B9-7445-4305-84C8-132A83D461C5} = {13D9181E-12B6-40D2-B073-D62302EA1B18}
		{BE79D3D1-DA8A-4FBD-B00B-676409B7EC37} = {13D9181E-12B6-40D2-B073-D62302EA1B18}
		{5B45B99B-5157-4564-A979-B94DB0333579} = {FAC17546-12AA-4CD4-8CD7-4C218347C465}
		{2FF4F4BA-7EA9-4FCD-9B27-6B0280218801} = {FAC17546-12AA-4CD4-8CD7-4C218347C465}
		{FC9CEEDA-881F-4B76-9460-C4763B78577A} = {35DE6C56-9C28-4A58-8441-A6575731D459}
		{3A021620-74C6-4624-A912-8DBA34FE2B11} = {35DE6C56-9C28-4A58-8441-A6575731D459}
		{5A02B74E-5C31-4C9A-93FB-2009031ACBD0} = {35DE6C56-9C28-4A58-8441-A6575731D459}
		{FAC17546-12AA-4CD4-8CD7-4C218347C465} = {46425163-80A5-4B66-9B30-23FA898D0DF5}
		{7DEEF12A-1E9B-4B83-8743-336BDE09FB62} = {FAC17546-12AA-4CD4-8CD7-4C218347C465}
		{46425163-80A5-4B66-9B30-23FA898D0DF5} = {16D74FD3-9255-4D8B-BF2F-5BCA73EE7BAA}
		{0CD68C05-E125-451B-8C7F-4D6BA5ECC15A} = {FAC17546-12AA-4CD4-8CD7-4C218347C465}
	EndGlobalSection
	GlobalSection(ExtensibilityGlobals) = postSolution
		SolutionGuid = {B2A39E91-9334-4534-B765-2F95B33E451E}
	EndGlobalSection
EndGlobal
